{
  "name": "purplesource",
  "version": "1.0.0",
  "lockfileVersion": 1,
  "requires": true,
  "dependencies": {
    "lodash.every": {
      "version": "4.6.0",
      "resolved": "https://registry.npmjs.org/lodash.every/-/lodash.every-4.6.0.tgz",
      "integrity": "sha1-64mYS+vENkJ5uzrvu9HKGb+mxqc="
    },
    "lodash.flattendeep": {
      "version": "4.4.0",
      "resolved": "https://registry.npmjs.org/lodash.flattendeep/-/lodash.flattendeep-4.4.0.tgz",
      "integrity": "sha1-+wMJF/hqMTTlvJvsDWngAT3f7bI="
    },
    "lodash.foreach": {
      "version": "4.5.0",
      "resolved": "https://registry.npmjs.org/lodash.foreach/-/lodash.foreach-4.5.0.tgz",
      "integrity": "sha1-Gmo16s5AEoDH8G3d7DUWWrJ+PlM="
    },
    "lodash.map": {
      "version": "4.6.0",
      "resolved": "https://registry.npmjs.org/lodash.map/-/lodash.map-4.6.0.tgz",
      "integrity": "sha1-dx7Hg540c9nEzeKLGTlMNWL09tM="
    },
    "lodash.maxby": {
      "version": "4.6.0",
      "resolved": "https://registry.npmjs.org/lodash.maxby/-/lodash.maxby-4.6.0.tgz",
      "integrity": "sha1-CCJABo88eiJ6oAqDgOTzjPB4bj0="
    },
    "newsapi": {
      "version": "2.3.0",
      "resolved": "https://registry.npmjs.org/newsapi/-/newsapi-2.3.0.tgz",
      "integrity": "sha512-KK68M7wnjZEfhu9KiFpEeGjkW9nywod3VwzrFmn5tpS6jfPQ/BeGRyT8oHNjKyQnh2RYfr1JI7p/c6FmDQpQAg==",
      "requires": {
        "node-fetch": "^2.2.0"
      }
    },
    "nltk-stopwords": {
      "version": "1.0.3",
      "resolved": "https://registry.npmjs.org/nltk-stopwords/-/nltk-stopwords-1.0.3.tgz",
      "integrity": "sha1-urwe4ov00DVlW2unSnxb6g335ug="
    },
    "node-fetch": {
      "version": "2.2.0",
      "resolved": "https://registry.npmjs.org/node-fetch/-/node-fetch-2.2.0.tgz",
      "integrity": "sha512-OayFWziIxiHY8bCUyLX6sTpDH8Jsbp4FfYd1j1f7vZyfgkcOnAyM4oQR16f8a0s7Gl/viMGRey8eScYk4V4EZA=="
    },
    "replaceall": {
      "version": "0.1.6",
      "resolved": "https://registry.npmjs.org/replaceall/-/replaceall-0.1.6.tgz",
      "integrity": "sha1-gdgax663LX9cSUKt8ml6MiBojY4="
    },
    "string-similarity": {
      "version": "1.2.1",
      "resolved": "https://registry.npmjs.org/string-similarity/-/string-similarity-1.2.1.tgz",
      "integrity": "sha512-XqC6lRZF3UIYdxBRHjIfJwU2nYzPm+E8udKFHjIplnRQflkXP1A1Ie3HoEv04W/zY1wGnV6TQpklM2WwZO3gIA==",
      "requires": {
        "lodash.every": "^4.6.0",
        "lodash.flattendeep": "^4.4.0",
        "lodash.foreach": "^4.5.0",
        "lodash.map": "^4.6.0",
        "lodash.maxby": "^4.6.0"
      }
    }
  }
}
